
Microsoft Visual Studio Solution File, Format Version 12.00
# Visual Studio Version 17
VisualStudioVersion = 17.12.35323.107
MinimumVisualStudioVersion = 10.0.40219.1
Project("{FAE04EC0-301F-11D3-BF4B-00C04F79EFBC}") = "lab1Hanna", "lab1Hanna.csproj", "{B99A7757-525C-4DC8-BF15-DEB8AE4F5BF2}"
EndProject
Global
	GlobalSection(SolutionConfigurationPlatforms) = preSolution
		Debug|Any CPU = Debug|Any CPU
		Release|Any CPU = Release|Any CPU
	EndGlobalSection
	GlobalSection(ProjectConfigurationPlatforms) = postSolution
		{B99A7757-525C-4DC8-BF15-DEB8AE4F5BF2}.Debug|Any CPU.ActiveCfg = Debug|Any CPU
		{B99A7757-525C-4DC8-BF15-DEB8AE4F5BF2}.Debug|Any CPU.Build.0 = Debug|Any CPU
		{B99A7757-525C-4DC8-BF15-DEB8AE4F5BF2}.Release|Any CPU.ActiveCfg = Release|Any CPU
		{B99A7757-525C-4DC8-BF15-DEB8AE4F5BF2}.Release|Any CPU.Build.0 = Release|Any CPU
	EndGlobalSection
	GlobalSection(SolutionProperties) = preSolution
		HideSolutionNode = FALSE
	EndGlobalSection
	GlobalSection(ExtensibilityGlobals) = postSolution
		SolutionGuid = {F18C30C7-6B72-489E-BFD9-CAE8F37BF65D}
	EndGlobalSection
EndGlobal
